{
  "name": "oc-client",
  "version": "1.11.0",
  "dependencies": {
    "handlebars": {
      "version": "4.0.5",
      "from": "handlebars@4.0.5",
      "resolved": "https://registry.npmjs.org/handlebars/-/handlebars-4.0.5.tgz",
      "dependencies": {
        "async": {
          "version": "1.5.2",
          "from": "async@>=1.4.0 <2.0.0",
          "resolved": "https://registry.npmjs.org/async/-/async-1.5.2.tgz"
        },
        "optimist": {
          "version": "0.6.1",
          "from": "optimist@>=0.6.1 <0.7.0",
          "resolved": "https://registry.npmjs.org/optimist/-/optimist-0.6.1.tgz",
          "dependencies": {
            "wordwrap": {
              "version": "0.0.3",
              "from": "wordwrap@>=0.0.2 <0.1.0",
              "resolved": "https://registry.npmjs.org/wordwrap/-/wordwrap-0.0.3.tgz"
            },
            "minimist": {
              "version": "0.0.10",
              "from": "minimist@>=0.0.1 <0.1.0",
              "resolved": "https://registry.npmjs.org/minimist/-/minimist-0.0.10.tgz"
            }
          }
        },
        "source-map": {
          "version": "0.4.4",
          "from": "source-map@>=0.4.4 <0.5.0",
          "resolved": "https://registry.npmjs.org/source-map/-/source-map-0.4.4.tgz",
          "dependencies": {
            "amdefine": {
              "version": "1.0.0",
              "from": "amdefine@>=0.0.4",
              "resolved": "https://registry.npmjs.org/amdefine/-/amdefine-1.0.0.tgz"
            }
          }
        },
        "uglify-js": {
          "version": "2.6.4",
          "from": "uglify-js@>=2.6.0 <3.0.0",
          "resolved": "https://registry.npmjs.org/uglify-js/-/uglify-js-2.6.4.tgz",
          "dependencies": {
            "async": {
              "version": "0.2.10",
              "from": "async@>=0.2.6 <0.3.0",
              "resolved": "https://registry.npmjs.org/async/-/async-0.2.10.tgz"
            },
            "source-map": {
              "version": "0.5.6",
              "from": "source-map@>=0.5.1 <0.6.0",
              "resolved": "https://registry.npmjs.org/source-map/-/source-map-0.5.6.tgz"
            },
            "uglify-to-browserify": {
              "version": "1.0.2",
              "from": "uglify-to-browserify@>=1.0.0 <1.1.0",
              "resolved": "https://registry.npmjs.org/uglify-to-browserify/-/uglify-to-browserify-1.0.2.tgz"
            },
            "yargs": {
              "version": "3.10.0",
              "from": "yargs@>=3.10.0 <3.11.0",
              "resolved": "https://registry.npmjs.org/yargs/-/yargs-3.10.0.tgz",
              "dependencies": {
                "camelcase": {
                  "version": "1.2.1",
                  "from": "camelcase@>=1.0.2 <2.0.0",
                  "resolved": "https://registry.npmjs.org/camelcase/-/camelcase-1.2.1.tgz"
                },
                "cliui": {
                  "version": "2.1.0",
                  "from": "cliui@>=2.1.0 <3.0.0",
                  "resolved": "https://registry.npmjs.org/cliui/-/cliui-2.1.0.tgz",
                  "dependencies": {
                    "center-align": {
                      "version": "0.1.3",
                      "from": "center-align@>=0.1.1 <0.2.0",
                      "resolved": "https://registry.npmjs.org/center-align/-/center-align-0.1.3.tgz",
                      "dependencies": {
                        "align-text": {
                          "version": "0.1.4",
                          "from": "align-text@>=0.1.1 <0.2.0",
                          "resolved": "https://registry.npmjs.org/align-text/-/align-text-0.1.4.tgz",
                          "dependencies": {
                            "kind-of": {
                              "version": "3.0.3",
                              "from": "kind-of@>=3.0.2 <4.0.0",
                              "resolved": "https://registry.npmjs.org/kind-of/-/kind-of-3.0.3.tgz",
                              "dependencies": {
                                "is-buffer": {
                                  "version": "1.1.3",
                                  "from": "is-buffer@>=1.0.2 <2.0.0",
                                  "resolved": "https://registry.npmjs.org/is-buffer/-/is-buffer-1.1.3.tgz"
                                }
                              }
                            },
                            "longest": {
                              "version": "1.0.1",
                              "from": "longest@>=1.0.1 <2.0.0",
                              "resolved": "https://registry.npmjs.org/longest/-/longest-1.0.1.tgz"
                            },
                            "repeat-string": {
                              "version": "1.5.4",
                              "from": "repeat-string@>=1.5.2 <2.0.0",
                              "resolved": "https://registry.npmjs.org/repeat-string/-/repeat-string-1.5.4.tgz"
                            }
                          }
                        },
                        "lazy-cache": {
                          "version": "1.0.4",
                          "from": "lazy-cache@>=1.0.3 <2.0.0",
                          "resolved": "https://registry.npmjs.org/lazy-cache/-/lazy-cache-1.0.4.tgz"
                        }
                      }
                    },
                    "right-align": {
                      "version": "0.1.3",
                      "from": "right-align@>=0.1.1 <0.2.0",
                      "resolved": "https://registry.npmjs.org/right-align/-/right-align-0.1.3.tgz",
                      "dependencies": {
                        "align-text": {
                          "version": "0.1.4",
                          "from": "align-text@>=0.1.1 <0.2.0",
                          "resolved": "https://registry.npmjs.org/align-text/-/align-text-0.1.4.tgz",
                          "dependencies": {
                            "kind-of": {
                              "version": "3.0.3",
                              "from": "kind-of@>=3.0.2 <4.0.0",
                              "resolved": "https://registry.npmjs.org/kind-of/-/kind-of-3.0.3.tgz",
                              "dependencies": {
                                "is-buffer": {
                                  "version": "1.1.3",
                                  "from": "is-buffer@>=1.0.2 <2.0.0",
                                  "resolved": "https://registry.npmjs.org/is-buffer/-/is-buffer-1.1.3.tgz"
                                }
                              }
                            },
                            "longest": {
                              "version": "1.0.1",
                              "from": "longest@>=1.0.1 <2.0.0",
                              "resolved": "https://registry.npmjs.org/longest/-/longest-1.0.1.tgz"
                            },
                            "repeat-string": {
                              "version": "1.5.4",
                              "from": "repeat-string@>=1.5.2 <2.0.0",
                              "resolved": "https://registry.npmjs.org/repeat-string/-/repeat-string-1.5.4.tgz"
                            }
                          }
                        }
                      }
                    },
                    "wordwrap": {
                      "version": "0.0.2",
                      "from": "wordwrap@0.0.2",
                      "resolved": "https://registry.npmjs.org/wordwrap/-/wordwrap-0.0.2.tgz"
                    }
                  }
                },
                "decamelize": {
                  "version": "1.2.0",
                  "from": "decamelize@>=1.0.0 <2.0.0",
                  "resolved": "https://registry.npmjs.org/decamelize/-/decamelize-1.2.0.tgz"
                },
                "window-size": {
                  "version": "0.1.0",
                  "from": "window-size@0.1.0",
                  "resolved": "https://registry.npmjs.org/window-size/-/window-size-0.1.0.tgz"
                }
              }
            }
          }
        }
      }
    },
    "minimal-request": {
      "version": "2.1.1",
      "from": "minimal-request@2.1.1",
      "resolved": "https://registry.npmjs.org/minimal-request/-/minimal-request-2.1.1.tgz"
    },
    "nice-cache": {
      "version": "0.0.5",
      "from": "nice-cache@0.0.5",
      "resolved": "https://registry.npmjs.org/nice-cache/-/nice-cache-0.0.5.tgz"
    },
    "stringformat": {
      "version": "0.0.5",
      "from": "stringformat@0.0.5",
      "resolved": "https://registry.npmjs.org/stringformat/-/stringformat-0.0.5.tgz"
    }
  }
}
