{
  "name": "oc",
  "version": "0.30.9",
  "dependencies": {
    "accept-language-parser": {
      "version": "1.1.0"
    },
    "async": {
      "version": "1.5.2"
    },
    "aws-sdk": {
      "version": "2.3.14"
    },
    "clean-css": {
      "version": "3.4.9"
    },
    "colors": {
      "version": "1.1.2"
    },
    "dependency-graph": {
      "version": "0.4.1"
    },
    "detective": {
      "version": "4.0.0"
    },
    "express": {
      "version": "3.21.2",
      "dependencies": {
        "connect": {
          "version": "2.30.2",
          "dependencies": {
            "serve-index": {
              "version": "1.7.3",
              "dependencies": {
                "accepts": {
                  "version": "1.2.13",
                  "dependencies": {
                    "negotiator": {
                      "version": "0.6.1"
                    }
                  }
                }
              }
            }
          }
        }
      }
    },
    "falafel": {
      "version": "1.2.0"
    },
    "form-data": {
      "version": "0.1.4"
    },
    "fs-extra": {
      "version": "0.30.0"
    },
    "handlebars": {
      "version": "3.0.1",
      "dependencies": {
        "uglify-js": {
          "version": "2.6.2"
        }
      }
    },
    "jade": {
      "version": "1.11.0",
      "dependencies": {
        "transformers": {
          "version": "2.1.0",
          "dependencies": {
            "uglify-js": {
              "version": "2.6.2"
            }
          }
        }
      }
    },
    "minimal-request": {
      "version": "2.0.0"
    },
    "multer": {
      "version": "0.1.4"
    },
    "nice-cache": {
      "version": "0.0.5"
    },
    "node-dir": {
      "version": "0.1.12",
      "dependencies": {
        "minimatch": {
          "version": "3.0.2"
        }
      }
    },
    "nomnom": {
      "version": "1.8.1"
    },
    "npm": {
      "version": "3.10.2"
    },
    "omelette": {
      "version": "0.3.1"
    },
    "opn": {
      "version": "1.0.1"
    },
    "parse-author": {
      "version": "0.2.1"
    },
    "read": {
      "version": "1.0.7"
    },
    "semver": {
      "version": "5.1.0"
    },
    "stringformat": {
      "version": "0.0.5"
    },
    "tar.gz": {
      "version": "0.1.1"
    },
    "uglify-js": {
      "version": "2.6.2"
    },
    "underscore": {
      "version": "1.8.3"
    },
    "watch": {
      "version": "0.13.0"
    }
  }
}